// !$*UTF8*$!
{
	archiveVersion = 1;
	classes = {
	};
	objectVersion = 46;
	objects = {

/* Begin PBXBuildFile section */
		04E408FB1F3D6E4200046A50 /* AppDelegate.swift in Sources */ = {isa = PBXBuildFile; fileRef = 04E408FA1F3D6E4200046A50 /* AppDelegate.swift */; };
		04E408FD1F3D6E4200046A50 /* ViewController.swift in Sources */ = {isa = PBXBuildFile; fileRef = 04E408FC1F3D6E4200046A50 /* ViewController.swift */; };
		04E409001F3D6E4200046A50 /* Main.storyboard in Resources */ = {isa = PBXBuildFile; fileRef = 04E408FE1F3D6E4200046A50 /* Main.storyboard */; };
		04E409021F3D6E4200046A50 /* Assets.xcassets in Resources */ = {isa = PBXBuildFile; fileRef = 04E409011F3D6E4200046A50 /* Assets.xcassets */; };
		04E409051F3D6E4200046A50 /* LaunchScreen.storyboard in Resources */ = {isa = PBXBuildFile; fileRef = 04E409031F3D6E4200046A50 /* LaunchScreen.storyboard */; };
		04E409101F3D6E4200046A50 /* SLZhao_SwiftTests.swift in Sources */ = {isa = PBXBuildFile; fileRef = 04E4090F1F3D6E4200046A50 /* SLZhao_SwiftTests.swift */; };
		04E4091B1F3D6E4200046A50 /* SLZhao_SwiftUITests.swift in Sources */ = {isa = PBXBuildFile; fileRef = 04E4091A1F3D6E4200046A50 /* SLZhao_SwiftUITests.swift */; };
/* End PBXBuildFile section */

/* Begin PBXContainerItemProxy section */
		04E4090C1F3D6E4200046A50 /* PBXContainerItemProxy */ = {
			isa = PBXContainerItemProxy;
			containerPortal = 04E408EF1F3D6E4200046A50 /* Project object */;
			proxyType = 1;
			remoteGlobalIDString = 04E408F61F3D6E4200046A50;
			remoteInfo = SLZhao_Swift;
		};
		04E409171F3D6E4200046A50 /* PBXContainerItemProxy */ = {
			isa = PBXContainerItemProxy;
			containerPortal = 04E408EF1F3D6E4200046A50 /* Project object */;
			proxyType = 1;
			remoteGlobalIDString = 04E408F61F3D6E4200046A50;
			remoteInfo = SLZhao_Swift;
		};
/* End PBXContainerItemProxy section */

/* Begin PBXFileReference section */
		04E408F71F3D6E4200046A50 /* SLZhao_Swift.app */ = {isa = PBXFileReference; explicitFileType = wrapper.application; includeInIndex = 0; path = SLZhao_Swift.app; sourceTree = BUILT_PRODUCTS_DIR; };
		04E408FA1F3D6E4200046A50 /* AppDelegate.swift */ = {isa = PBXFileReference; lastKnownFileType = sourcecode.swift; path = AppDelegate.swift; sourceTree = "<group>"; };
		04E408FC1F3D6E4200046A50 /* ViewController.swift */ = {isa = PBXFileReference; lastKnownFileType = sourcecode.swift; path = ViewController.swift; sourceTree = "<group>"; };
		04E408FF1F3D6E4200046A50 /* Base */ = {isa = PBXFileReference; lastKnownFileType = file.storyboard; name = Base; path = Base.lproj/Main.storyboard; sourceTree = "<group>"; };
		04E409011F3D6E4200046A50 /* Assets.xcassets */ = {isa = PBXFileReference; lastKnownFileType = folder.assetcatalog; path = Assets.xcassets; sourceTree = "<group>"; };
		04E409041F3D6E4200046A50 /* Base */ = {isa = PBXFileReference; lastKnownFileType = file.storyboard; name = Base; path = Base.lproj/LaunchScreen.storyboard; sourceTree = "<group>"; };
		04E409061F3D6E4200046A50 /* Info.plist */ = {isa = PBXFileReference; lastKnownFileType = text.plist.xml; path = Info.plist; sourceTree = "<group>"; };
		04E4090B1F3D6E4200046A50 /* SLZhao_SwiftTests.xctest */ = {isa = PBXFileReference; explicitFileType = wrapper.cfbundle; includeInIndex = 0; path = SLZhao_SwiftTests.xctest; sourceTree = BUILT_PRODUCTS_DIR; };
		04E4090F1F3D6E4200046A50 /* SLZhao_SwiftTests.swift */ = {isa = PBXFileReference; lastKnownFileType = sourcecode.swift; path = SLZhao_SwiftTests.swift; sourceTree = "<group>"; };
		04E409111F3D6E4200046A50 /* Info.plist */ = {isa = PBXFileReference; lastKnownFileType = text.plist.xml; path = Info.plist; sourceTree = "<group>"; };
		04E409161F3D6E4200046A50 /* SLZhao_SwiftUITests.xctest */ = {isa = PBXFileReference; explicitFileType = wrapper.cfbundle; includeInIndex = 0; path = SLZhao_SwiftUITests.xctest; sourceTree = BUILT_PRODUCTS_DIR; };
		04E4091A1F3D6E4200046A50 /* SLZhao_SwiftUITests.swift */ = {isa = PBXFileReference; lastKnownFileType = sourcecode.swift; path = SLZhao_SwiftUITests.swift; sourceTree = "<group>"; };
		04E4091C1F3D6E4200046A50 /* Info.plist */ = {isa = PBXFileReference; lastKnownFileType = text.plist.xml; path = Info.plist; sourceTree = "<group>"; };
/* End PBXFileReference section */

/* Begin PBXFrameworksBuildPhase section */
		04E408F41F3D6E4200046A50 /* Frameworks */ = {
			isa = PBXFrameworksBuildPhase;
			buildActionMask = 2147483647;
			files = (
			);
			runOnlyForDeploymentPostprocessing = 0;
		};
		04E409081F3D6E4200046A50 /* Frameworks */ = {
			isa = PBXFrameworksBuildPhase;
			buildActionMask = 2147483647;
			files = (
			);
			runOnlyForDeploymentPostprocessing = 0;
		};
		04E409131F3D6E4200046A50 /* Frameworks */ = {
			isa = PBXFrameworksBuildPhase;
			buildActionMask = 2147483647;
			files = (
			);
			runOnlyForDeploymentPostprocessing = 0;
		};
/* End PBXFrameworksBuildPhase section */

/* Begin PBXGroup section */
		04E408EE1F3D6E4200046A50 = {
			isa = PBXGroup;
			children = (
				04E408F91F3D6E4200046A50 /* SLZhao_Swift */,
				04E4090E1F3D6E4200046A50 /* SLZhao_SwiftTests */,
				04E409191F3D6E4200046A50 /* SLZhao_SwiftUITests */,
				04E408F81F3D6E4200046A50 /* Products */,
			);
			sourceTree = "<group>";
		};
		04E408F81F3D6E4200046A50 /* Products */ = {
			isa = PBXGroup;
			children = (
				04E408F71F3D6E4200046A50 /* SLZhao_Swift.app */,
				04E4090B1F3D6E4200046A50 /* SLZhao_SwiftTests.xctest */,
				04E409161F3D6E4200046A50 /* SLZhao_SwiftUITests.xctest */,
			);
			name = Products;
			sourceTree = "<group>";
		};
		04E408F91F3D6E4200046A50 /* SLZhao_Swift */ = {
			isa = PBXGroup;
			children = (
				04E408FA1F3D6E4200046A50 /* AppDelegate.swift */,
				04E408FC1F3D6E4200046A50 /* ViewController.swift */,
				04E408FE1F3D6E4200046A50 /* Main.storyboard */,
				04E409011F3D6E4200046A50 /* Assets.xcassets */,
				04E409031F3D6E4200046A50 /* LaunchScreen.storyboard */,
				04E409061F3D6E4200046A50 /* Info.plist */,
			);
			path = SLZhao_Swift;
			sourceTree = "<group>";
		};
		04E4090E1F3D6E4200046A50 /* SLZhao_SwiftTests */ = {
			isa = PBXGroup;
			children = (
				04E4090F1F3D6E4200046A50 /* SLZhao_SwiftTests.swift */,
				04E409111F3D6E4200046A50 /* Info.plist */,
			);
			path = SLZhao_SwiftTests;
			sourceTree = "<group>";
		};
		04E409191F3D6E4200046A50 /* SLZhao_SwiftUITests */ = {
			isa = PBXGroup;
			children = (
				04E4091A1F3D6E4200046A50 /* SLZhao_SwiftUITests.swift */,
				04E4091C1F3D6E4200046A50 /* Info.plist */,
			);
			path = SLZhao_SwiftUITests;
			sourceTree = "<group>";
		};
/* End PBXGroup section */

/* Begin PBXNativeTarget section */
		04E408F61F3D6E4200046A50 /* SLZhao_Swift */ = {
			isa = PBXNativeTarget;
			buildConfigurationList = 04E4091F1F3D6E4200046A50 /* Build configuration list for PBXNativeTarget "SLZhao_Swift" */;
			buildPhases = (
				04E408F31F3D6E4200046A50 /* Sources */,
				04E408F41F3D6E4200046A50 /* Frameworks */,
				04E408F51F3D6E4200046A50 /* Resources */,
			);
			buildRules = (
			);
			dependencies = (
			);
			name = SLZhao_Swift;
			productName = SLZhao_Swift;
			productReference = 04E408F71F3D6E4200046A50 /* SLZhao_Swift.app */;
			productType = "com.apple.product-type.application";
		};
		04E4090A1F3D6E4200046A50 /* SLZhao_SwiftTests */ = {
			isa = PBXNativeTarget;
			buildConfigurationList = 04E409221F3D6E4200046A50 /* Build configuration list for PBXNativeTarget "SLZhao_SwiftTests" */;
			buildPhases = (
				04E409071F3D6E4200046A50 /* Sources */,
				04E409081F3D6E4200046A50 /* Frameworks */,
				04E409091F3D6E4200046A50 /* Resources */,
			);
			buildRules = (
			);
			dependencies = (
				04E4090D1F3D6E4200046A50 /* PBXTargetDependency */,
			);
			name = SLZhao_SwiftTests;
			productName = SLZhao_SwiftTests;
			productReference = 04E4090B1F3D6E4200046A50 /* SLZhao_SwiftTests.xctest */;
			productType = "com.apple.product-type.bundle.unit-test";
		};
		04E409151F3D6E4200046A50 /* SLZhao_SwiftUITests */ = {
			isa = PBXNativeTarget;
			buildConfigurationList = 04E409251F3D6E4200046A50 /* Build configuration list for PBXNativeTarget "SLZhao_SwiftUITests" */;
			buildPhases = (
				04E409121F3D6E4200046A50 /* Sources */,
				04E409131F3D6E4200046A50 /* Frameworks */,
				04E409141F3D6E4200046A50 /* Resources */,
			);
			buildRules = (
			);
			dependencies = (
				04E409181F3D6E4200046A50 /* PBXTargetDependency */,
			);
			name = SLZhao_SwiftUITests;
			productName = SLZhao_SwiftUITests;
			productReference = 04E409161F3D6E4200046A50 /* SLZhao_SwiftUITests.xctest */;
			productType = "com.apple.product-type.bundle.ui-testing";
		};
/* End PBXNativeTarget section */

/* Begin PBXProject section */
		04E408EF1F3D6E4200046A50 /* Project object */ = {
			isa = PBXProject;
			attributes = {
				LastSwiftUpdateCheck = 0830;
				LastUpgradeCheck = 0830;
				ORGANIZATIONNAME = ShineLing;
				TargetAttributes = {
					04E408F61F3D6E4200046A50 = {
						CreatedOnToolsVersion = 8.3.3;
						DevelopmentTeam = B6BMP258JW;
						ProvisioningStyle = Automatic;
					};
					04E4090A1F3D6E4200046A50 = {
						CreatedOnToolsVersion = 8.3.3;
						ProvisioningStyle = Automatic;
						TestTargetID = 04E408F61F3D6E4200046A50;
					};
					04E409151F3D6E4200046A50 = {
						CreatedOnToolsVersion = 8.3.3;
						ProvisioningStyle = Automatic;
						TestTargetID = 04E408F61F3D6E4200046A50;
					};
				};
			};
			buildConfigurationList = 04E408F21F3D6E4200046A50 /* Build configuration list for PBXProject "SLZhao_Swift" */;
			compatibilityVersion = "Xcode 3.2";
			developmentRegion = English;
			hasScannedForEncodings = 0;
			knownRegions = (
				en,
				Base,
			);
			mainGroup = 04E408EE1F3D6E4200046A50;
			productRefGroup = 04E408F81F3D6E4200046A50 /* Products */;
			projectDirPath = "";
			projectRoot = "";
			targets = (
				04E408F61F3D6E4200046A50 /* SLZhao_Swift */,
				04E4090A1F3D6E4200046A50 /* SLZhao_SwiftTests */,
				04E409151F3D6E4200046A50 /* SLZhao_SwiftUITests */,
			);
		};
/* End PBXProject section */

/* Begin PBXResourcesBuildPhase section */
		04E408F51F3D6E4200046A50 /* Resources */ = {
			isa = PBXResourcesBuildPhase;
			buildActionMask = 2147483647;
			files = (
				04E409051F3D6E4200046A50 /* LaunchScreen.storyboard in Resources */,
				04E409021F3D6E4200046A50 /* Assets.xcassets in Resources */,
				04E409001F3D6E4200046A50 /* Main.storyboard in Resources */,
			);
			runOnlyForDeploymentPostprocessing = 0;
		};
		04E409091F3D6E4200046A50 /* Resources */ = {
			isa = PBXResourcesBuildPhase;
			buildActionMask = 2147483647;
			files = (
			);
			runOnlyForDeploymentPostprocessing = 0;
		};
		04E409141F3D6E4200046A50 /* Resources */ = {
			isa = PBXResourcesBuildPhase;
			buildActionMask = 2147483647;
			files = (
			);
			runOnlyForDeploymentPostprocessing = 0;
		};
/* End PBXResourcesBuildPhase section */

/* Begin PBXSourcesBuildPhase section */
		04E408F31F3D6E4200046A50 /* Sources */ = {
			isa = PBXSourcesBuildPhase;
			buildActionMask = 2147483647;
			files = (
				04E408FD1F3D6E4200046A50 /* ViewController.swift in Sources */,
				04E408FB1F3D6E4200046A50 /* AppDelegate.swift in Sources */,
			);
			runOnlyForDeploymentPostprocessing = 0;
		};
		04E409071F3D6E4200046A50 /* Sources */ = {
			isa = PBXSourcesBuildPhase;
			buildActionMask = 2147483647;
			files = (
				04E409101F3D6E4200046A50 /* SLZhao_SwiftTests.swift in Sources */,
			);
			runOnlyForDeploymentPostprocessing = 0;
		};
		04E409121F3D6E4200046A50 /* Sources */ = {
			isa = PBXSourcesBuildPhase;
			buildActionMask = 2147483647;
			files = (
				04E4091B1F3D6E4200046A50 /* SLZhao_SwiftUITests.swift in Sources */,
			);
			runOnlyForDeploymentPostprocessing = 0;
		};
/* End PBXSourcesBuildPhase section */

/* Begin PBXTargetDependency section */
		04E4090D1F3D6E4200046A50 /* PBXTargetDependency */ = {
			isa = PBXTargetDependency;
			target = 04E408F61F3D6E4200046A50 /* SLZhao_Swift */;
			targetProxy = 04E4090C1F3D6E4200046A50 /* PBXContainerItemProxy */;
		};
		04E409181F3D6E4200046A50 /* PBXTargetDependency */ = {
			isa = PBXTargetDependency;
			target = 04E408F61F3D6E4200046A50 /* SLZhao_Swift */;
			targetProxy = 04E409171F3D6E4200046A50 /* PBXContainerItemProxy */;
		};
/* End PBXTargetDependency section */

/* Begin PBXVariantGroup section */
		04E408FE1F3D6E4200046A50 /* Main.storyboard */ = {
			isa = PBXVariantGroup;
			children = (
				04E408FF1F3D6E4200046A50 /* Base */,
			);
			name = Main.storyboard;
			sourceTree = "<group>";
		};
		04E409031F3D6E4200046A50 /* LaunchScreen.storyboard */ = {
			isa = PBXVariantGroup;
			children = (
				04E409041F3D6E4200046A50 /* Base */,
			);
			name = LaunchScreen.storyboard;
			sourceTree = "<group>";
		};
/* End PBXVariantGroup section */

/* Begin XCBuildConfiguration section */
		04E4091D1F3D6E4200046A50 /* Debug */ = {
			isa = XCBuildConfiguration;
			buildSettings = {
				ALWAYS_SEARCH_USER_PATHS = NO;
				CLANG_ANALYZER_NONNULL = YES;
				CLANG_ANALYZER_NUMBER_OBJECT_CONVERSION = YES_AGGRESSIVE;
				CLANG_CXX_LANGUAGE_STANDARD = "gnu++0x";
				CLANG_CXX_LIBRARY = "libc++";
				CLANG_ENABLE_MODULES = YES;
				CLANG_ENABLE_OBJC_ARC = YES;
				CLANG_WARN_BOOL_CONVERSION = YES;
				CLANG_WARN_CONSTANT_CONVERSION = YES;
				CLANG_WARN_DIRECT_OBJC_ISA_USAGE = YES_ERROR;
				CLANG_WARN_DOCUMENTATION_COMMENTS = YES;
				CLANG_WARN_EMPTY_BODY = YES;
				CLANG_WARN_ENUM_CONVERSION = YES;
				CLANG_WARN_INFINITE_RECURSION = YES;
				CLANG_WARN_INT_CONVERSION = YES;
				CLANG_WARN_OBJC_ROOT_CLASS = YES_ERROR;
				CLANG_WARN_SUSPICIOUS_MOVE = YES;
				CLANG_WARN_UNREACHABLE_CODE = YES;
				CLANG_WARN__DUPLICATE_METHOD_MATCH = YES;
				"CODE_SIGN_IDENTITY[sdk=iphoneos*]" = "iPhone Developer";
				COPY_PHASE_STRIP = NO;
				DEBUG_INFORMATION_FORMAT = dwarf;
				ENABLE_STRICT_OBJC_MSGSEND = YES;
				ENABLE_TESTABILITY = YES;
				GCC_C_LANGUAGE_STANDARD = gnu99;
				GCC_DYNAMIC_NO_PIC = NO;
				GCC_NO_COMMON_BLOCKS = YES;
				GCC_OPTIMIZATION_LEVEL = 0;
				GCC_PREPROCESSOR_DEFINITIONS = (
					"DEBUG=1",
					"$(inherited)",
				);
				GCC_WARN_64_TO_32_BIT_CONVERSION = YES;
				GCC_WARN_ABOUT_RETURN_TYPE = YES_ERROR;
				GCC_WARN_UNDECLARED_SELECTOR = YES;
				GCC_WARN_UNINITIALIZED_AUTOS = YES_AGGRESSIVE;
				GCC_WARN_UNUSED_FUNCTION = YES;
				GCC_WARN_UNUSED_VARIABLE = YES;
				IPHONEOS_DEPLOYMENT_TARGET = 10.3;
				MTL_ENABLE_DEBUG_INFO = YES;
				ONLY_ACTIVE_ARCH = YES;
				SDKROOT = iphoneos;
				SWIFT_ACTIVE_COMPILATION_CONDITIONS = DEBUG;
				SWIFT_OPTIMIZATION_LEVEL = "-Onone";
			};
			name = Debug;
		};
		04E4091E1F3D6E4200046A50 /* Release */ = {
			isa = XCBuildConfiguration;
			buildSettings = {
				ALWAYS_SEARCH_USER_PATHS = NO;
				CLANG_ANALYZER_NONNULL = YES;
				CLANG_ANALYZER_NUMBER_OBJECT_CONVERSION = YES_AGGRESSIVE;
				CLANG_CXX_LANGUAGE_STANDARD = "gnu++0x";
				CLANG_CXX_LIBRARY = "libc++";
				CLANG_ENABLE_MODULES = YES;
				CLANG_ENABLE_OBJC_ARC = YES;
				CLANG_WARN_BOOL_CONVERSION = YES;
				CLANG_WARN_CONSTANT_CONVERSION = YES;
				CLANG_WARN_DIRECT_OBJC_ISA_USAGE = YES_ERROR;
				CLANG_WARN_DOCUMENTATION_COMMENTS = YES;
				CLANG_WARN_EMPTY_BODY = YES;
				CLANG_WARN_ENUM_CONVERSION = YES;
				CLANG_WARN_INFINITE_RECURSION = YES;
				CLANG_WARN_INT_CONVERSION = YES;
				CLANG_WARN_OBJC_ROOT_CLASS = YES_ERROR;
				CLANG_WARN_SUSPICIOUS_MOVE = YES;
				CLANG_WARN_UNREACHABLE_CODE = YES;
				CLANG_WARN__DUPLICATE_METHOD_MATCH = YES;
				"CODE_SIGN_IDENTITY[sdk=iphoneos*]" = "iPhone Developer";
				COPY_PHASE_STRIP = NO;
				DEBUG_INFORMATION_FORMAT = "dwarf-with-dsym";
				ENABLE_NS_ASSERTIONS = NO;
				ENABLE_STRICT_OBJC_MSGSEND = YES;
				GCC_C_LANGUAGE_STANDARD = gnu99;
				GCC_NO_COMMON_BLOCKS = YES;
				GCC_WARN_64_TO_32_BIT_CONVERSION = YES;
				GCC_WARN_ABOUT_RETURN_TYPE = YES_ERROR;
				GCC_WARN_UNDECLARED_SELECTOR = YES;
				GCC_WARN_UNINITIALIZED_AUTOS = YES_AGGRESSIVE;
				GCC_WARN_UNUSED_FUNCTION = YES;
				GCC_WARN_UNUSED_VARIABLE = YES;
				IPHONEOS_DEPLOYMENT_TARGET = 10.3;
				MTL_ENABLE_DEBUG_INFO = NO;
				SDKROOT = iphoneos;
				SWIFT_OPTIMIZATION_LEVEL = "-Owholemodule";
				VALIDATE_PRODUCT = YES;
			};
			name = Release;
		};
		04E409201F3D6E4200046A50 /* Debug */ = {
			isa = XCBuildConfiguration;
			buildSettings = {
				ASSETCATALOG_COMPILER_APPICON_NAME = AppIcon;
				DEVELOPMENT_TEAM = B6BMP258JW;
				INFOPLIST_FILE = SLZhao_Swift/Info.plist;
				LD_RUNPATH_SEARCH_PATHS = "$(inherited) @executable_path/Frameworks";
				PRODUCT_BUNDLE_IDENTIFIER = "zsl.SLZhao-Swift";
				PRODUCT_NAME = "$(TARGET_NAME)";
				SWIFT_VERSION = 3.0;
			};
			name = Debug;
		};
		04E409211F3D6E4200046A50 /* Release */ = {
			isa = XCBuildConfiguration;
			buildSettings = {
				ASSETCATALOG_COMPILER_APPICON_NAME = AppIcon;
				DEVELOPMENT_TEAM = B6BMP258JW;
				INFOPLIST_FILE = SLZhao_Swift/Info.plist;
				LD_RUNPATH_SEARCH_PATHS = "$(inherited) @executable_path/Frameworks";
				PRODUCT_BUNDLE_IDENTIFIER = "zsl.SLZhao-Swift";
				PRODUCT_NAME = "$(TARGET_NAME)";
				SWIFT_VERSION = 3.0;
			};
			name = Release;
		};
		04E409231F3D6E4200046A50 /* Debug */ = {
			isa = XCBuildConfiguration;
			buildSettings = {
				ALWAYS_EMBED_SWIFT_STANDARD_LIBRARIES = YES;
				BUNDLE_LOADER = "$(TEST_HOST)";
				INFOPLIST_FILE = SLZhao_SwiftTests/Info.plist;
				LD_RUNPATH_SEARCH_PATHS = "$(inherited) @executable_path/Frameworks @loader_path/Frameworks";
				PRODUCT_BUNDLE_IDENTIFIER = "zsl.SLZhao-SwiftTests";
				PRODUCT_NAME = "$(TARGET_NAME)";
				SWIFT_VERSION = 3.0;
				TEST_HOST = "$(BUILT_PRODUCTS_DIR)/SLZhao_Swift.app/SLZhao_Swift";
			};
			name = Debug;
		};
		04E409241F3D6E4200046A50 /* Release */ = {
			isa = XCBuildConfiguration;
			buildSettings = {
				ALWAYS_EMBED_SWIFT_STANDARD_LIBRARIES = YES;
				BUNDLE_LOADER = "$(TEST_HOST)";
				INFOPLIST_FILE = SLZhao_SwiftTests/Info.plist;
				LD_RUNPATH_SEARCH_PATHS = "$(inherited) @executable_path/Frameworks @loader_path/Frameworks";
				PRODUCT_BUNDLE_IDENTIFIER = "zsl.SLZhao-SwiftTests";
				PRODUCT_NAME = "$(TARGET_NAME)";
				SWIFT_VERSION = 3.0;
				TEST_HOST = "$(BUILT_PRODUCTS_DIR)/SLZhao_Swift.app/SLZhao_Swift";
			};
			name = Release;
		};
		04E409261F3D6E4200046A50 /* Debug */ = {
			isa = XCBuildConfiguration;
			buildSettings = {
				ALWAYS_EMBED_SWIFT_STANDARD_LIBRARIES = YES;
				INFOPLIST_FILE = SLZhao_SwiftUITests/Info.plist;
				LD_RUNPATH_SEARCH_PATHS = "$(inherited) @executable_path/Frameworks @loader_path/Frameworks";
				PRODUCT_BUNDLE_IDENTIFIER = "zsl.SLZhao-SwiftUITests";
				PRODUCT_NAME = "$(TARGET_NAME)";
				SWIFT_VERSION = 3.0;
				TEST_TARGET_NAME = SLZhao_Swift;
			};
			name = Debug;
		};
		04E409271F3D6E4200046A50 /* Release */ = {
			isa = XCBuildConfiguration;
			buildSettings = {
				ALWAYS_EMBED_SWIFT_STANDARD_LIBRARIES = YES;
				INFOPLIST_FILE = SLZhao_SwiftUITests/Info.plist;
				LD_RUNPATH_SEARCH_PATHS = "$(inherited) @executable_path/Frameworks @loader_path/Frameworks";
				PRODUCT_BUNDLE_IDENTIFIER = "zsl.SLZhao-SwiftUITests";
				PRODUCT_NAME = "$(TARGET_NAME)";
				SWIFT_VERSION = 3.0;
				TEST_TARGET_NAME = SLZhao_Swift;
			};
			name = Release;
		};
/* End XCBuildConfiguration section */

/* Begin XCConfigurationList section */
		04E408F21F3D6E4200046A50 /* Build configuration list for PBXProject "SLZhao_Swift" */ = {
			isa = XCConfigurationList;
			buildConfigurations = (
				04E4091D1F3D6E4200046A50 /* Debug */,
				04E4091E1F3D6E4200046A50 /* Release */,
			);
			defaultConfigurationIsVisible = 0;
			defaultConfigurationName = Release;
		};
		04E4091F1F3D6E4200046A50 /* Build configuration list for PBXNativeTarget "SLZhao_Swift" */ = {
			isa = XCConfigurationList;
			buildConfigurations = (
				04E409201F3D6E4200046A50 /* Debug */,
				04E409211F3D6E4200046A50 /* Release */,
			);
			defaultConfigurationIsVisible = 0;
		};
		04E409221F3D6E4200046A50 /* Build configuration list for PBXNativeTarget "SLZhao_SwiftTests" */ = {
			isa = XCConfigurationList;
			buildConfigurations = (
				04E409231F3D6E4200046A50 /* Debug */,
				04E409241F3D6E4200046A50 /* Release */,
			);
			defaultConfigurationIsVisible = 0;
		};
		04E409251F3D6E4200046A50 /* Build configuration list for PBXNativeTarget "SLZhao_SwiftUITests" */ = {
			isa = XCConfigurationList;
			buildConfigurations = (
				04E409261F3D6E4200046A50 /* Debug */,
				04E409271F3D6E4200046A50 /* Release */,
			);
			defaultConfigurationIsVisible = 0;
		};
/* End XCConfigurationList section */
	};
	rootObject = 04E408EF1F3D6E4200046A50 /* Project object */;
}
